
Microsoft Visual Studio Solution File, Format Version 12.00
# Visual Studio 15
VisualStudioVersion = 15.0.28307.1082
MinimumVisualStudioVersion = 10.0.40219.1
Project("{FAE04EC0-301F-11D3-BF4B-00C04F79EFBC}") = "HexAndReplace", "HexAndReplace.csproj", "{89CAF028-5895-428F-AEB0-BF260512C05F}"
EndProject
Global
	GlobalSection(SolutionConfigurationPlatforms) = preSolution
		Debug|Any CPU = Debug|Any CPU
		Release|Any CPU = Release|Any CPU
	EndGlobalSection
	GlobalSection(ProjectConfigurationPlatforms) = postSolution
		{89CAF028-5895-428F-AEB0-BF260512C05F}.Debug|Any CPU.ActiveCfg = Debug|Any CPU
		{89CAF028-5895-428F-AEB0-BF260512C05F}.Debug|Any CPU.Build.0 = Debug|Any CPU
		{89CAF028-5895-428F-AEB0-BF260512C05F}.Release|Any CPU.ActiveCfg = Release|Any CPU
		{89CAF028-5895-428F-AEB0-BF260512C05F}.Release|Any CPU.Build.0 = Release|Any CPU
	EndGlobalSection
	GlobalSection(SolutionProperties) = preSolution
		HideSolutionNode = FALSE
	EndGlobalSection
	GlobalSection(ExtensibilityGlobals) = postSolution
		SolutionGuid = {C2B80A20-B186-4C1D-A660-D31EE46EAD9C}
	EndGlobalSection
EndGlobal
